
Microsoft Visual Studio Solution File, Format Version 12.00
# Visual Studio Version 17
VisualStudioVersion = 17.9.34728.123
MinimumVisualStudioVersion = 10.0.40219.1
Project("{FAE04EC0-301F-11D3-BF4B-00C04F79EFBC}") = "RoleBaseAuth", "RoleBaseAuth\RoleBaseAuth.csproj", "{B5BE33B6-8503-44D8-8E02-CA6AFFCD2B6C}"
EndProject
Global
	GlobalSection(SolutionConfigurationPlatforms) = preSolution
		Debug|Any CPU = Debug|Any CPU
		Release|Any CPU = Release|Any CPU
	EndGlobalSection
	GlobalSection(ProjectConfigurationPlatforms) = postSolution
		{B5BE33B6-8503-44D8-8E02-CA6AFFCD2B6C}.Debug|Any CPU.ActiveCfg = Debug|Any CPU
		{B5BE33B6-8503-44D8-8E02-CA6AFFCD2B6C}.Debug|Any CPU.Build.0 = Debug|Any CPU
		{B5BE33B6-8503-44D8-8E02-CA6AFFCD2B6C}.Release|Any CPU.ActiveCfg = Release|Any CPU
		{B5BE33B6-8503-44D8-8E02-CA6AFFCD2B6C}.Release|Any CPU.Build.0 = Release|Any CPU
	EndGlobalSection
	GlobalSection(SolutionProperties) = preSolution
		HideSolutionNode = FALSE
	EndGlobalSection
	GlobalSection(ExtensibilityGlobals) = postSolution
		SolutionGuid = {1AC610F5-BCFF-4CDE-88E1-7A1679F18D36}
	EndGlobalSection
EndGlobal
